
Microsoft Visual Studio Solution File, Format Version 12.00
# Visual Studio 15
VisualStudioVersion = 15.0.27428.2043
MinimumVisualStudioVersion = 10.0.40219.1
Project("{FAE04EC0-301F-11D3-BF4B-00C04F79EFBC}") = "MHP2", "MHP2\MHP2.csproj", "{E3D484F6-471C-4E53-8409-2D126B61C964}"
EndProject
Global
	GlobalSection(SolutionConfigurationPlatforms) = preSolution
		Debug|Any CPU = Debug|Any CPU
		Release|Any CPU = Release|Any CPU
	EndGlobalSection
	GlobalSection(ProjectConfigurationPlatforms) = postSolution
		{E3D484F6-471C-4E53-8409-2D126B61C964}.Debug|Any CPU.ActiveCfg = Debug|Any CPU
		{E3D484F6-471C-4E53-8409-2D126B61C964}.Debug|Any CPU.Build.0 = Debug|Any CPU
		{E3D484F6-471C-4E53-8409-2D126B61C964}.Release|Any CPU.ActiveCfg = Release|Any CPU
		{E3D484F6-471C-4E53-8409-2D126B61C964}.Release|Any CPU.Build.0 = Release|Any CPU
	EndGlobalSection
	GlobalSection(SolutionProperties) = preSolution
		HideSolutionNode = FALSE
	EndGlobalSection
	GlobalSection(ExtensibilityGlobals) = postSolution
		SolutionGuid = {9F0F5244-C136-4AD9-BB48-1E54280D1C6C}
	EndGlobalSection
EndGlobal
